Microsoft Visual Studio Solution File, Format Version 8.00
Project("{FAE04EC0-301F-11D3-BF4B-00C04F79EFBC}") = "GenTestAsm", "GenTestAsm\GenTestAsm.csproj", "{BB8E9613-19E3-4885-B82A-C6347FBF0364}"
	ProjectSection(ProjectDependencies) = postProject
		{079C552C-9CE4-4E4B-B410-C2DA86F3C54E} = {079C552C-9CE4-4E4B-B410-C2DA86F3C54E}
		{E6CAEBC6-81C0-4BDB-B177-35BD69E1DE77} = {E6CAEBC6-81C0-4BDB-B177-35BD69E1DE77}
	EndProjectSection
EndProject
Project("{8BC9CEB8-8B4A-11D0-8D11-00A0C91BC942}") = "GenTestAsmThunk", "GenTestAsmThunk\GenTestAsmThunk.vcproj", "{079C552C-9CE4-4E4B-B410-C2DA86F3C54E}"
	ProjectSection(ProjectDependencies) = postProject
	EndProjectSection
EndProject
Project("{8BC9CEB8-8B4A-11D0-8D11-00A0C91BC942}") = "GuineaPigDll", "GuineaPigDll\GuineaPigDll.vcproj", "{E6CAEBC6-81C0-4BDB-B177-35BD69E1DE77}"
	ProjectSection(ProjectDependencies) = postProject
	EndProjectSection
EndProject
Global
	GlobalSection(SolutionConfiguration) = preSolution
		Debug = Debug
		Release = Release
	EndGlobalSection
	GlobalSection(ProjectConfiguration) = postSolution
		{BB8E9613-19E3-4885-B82A-C6347FBF0364}.Debug.ActiveCfg = Debug|.NET
		{BB8E9613-19E3-4885-B82A-C6347FBF0364}.Debug.Build.0 = Debug|.NET
		{BB8E9613-19E3-4885-B82A-C6347FBF0364}.Release.ActiveCfg = Release|.NET
		{BB8E9613-19E3-4885-B82A-C6347FBF0364}.Release.Build.0 = Release|.NET
		{079C552C-9CE4-4E4B-B410-C2DA86F3C54E}.Debug.ActiveCfg = Debug|Win32
		{079C552C-9CE4-4E4B-B410-C2DA86F3C54E}.Debug.Build.0 = Debug|Win32
		{079C552C-9CE4-4E4B-B410-C2DA86F3C54E}.Release.ActiveCfg = Release|Win32
		{079C552C-9CE4-4E4B-B410-C2DA86F3C54E}.Release.Build.0 = Release|Win32
		{E6CAEBC6-81C0-4BDB-B177-35BD69E1DE77}.Debug.ActiveCfg = Debug|Win32
		{E6CAEBC6-81C0-4BDB-B177-35BD69E1DE77}.Debug.Build.0 = Debug|Win32
		{E6CAEBC6-81C0-4BDB-B177-35BD69E1DE77}.Release.ActiveCfg = Release|Win32
		{E6CAEBC6-81C0-4BDB-B177-35BD69E1DE77}.Release.Build.0 = Release|Win32
	EndGlobalSection
	GlobalSection(ExtensibilityGlobals) = postSolution
	EndGlobalSection
	GlobalSection(ExtensibilityAddIns) = postSolution
	EndGlobalSection
	GlobalSection(DPCodeReviewSolutionGUID) = preSolution
		DPCodeReviewSolutionGUID = {00000000-0000-0000-0000-000000000000}
	EndGlobalSection
EndGlobal
